	<Project xmlns="http://schemas.microsoft.com/developer/msbuild/2003">
		<PropertyGroup>
			<ProjectGuid>{7CEAA3D3-7F74-4048-9848-963AF3895588}</ProjectGuid>
			<ProjectVersion>12.0</ProjectVersion>
			<MainSource>RnQ_Repair.dpr</MainSource>
			<Config Condition="'$(Config)'==''">Debug</Config>
			<DCC_DCCCompiler>DCC32</DCC_DCCCompiler>
		</PropertyGroup>
		<PropertyGroup Condition="'$(Config)'=='Base' or '$(Base)'!=''">
			<Base>true</Base>
		</PropertyGroup>
		<PropertyGroup Condition="'$(Config)'=='Release' or '$(Cfg_1)'!=''">
			<Cfg_1>true</Cfg_1>
			<CfgParent>Base</CfgParent>
			<Base>true</Base>
		</PropertyGroup>
		<PropertyGroup Condition="'$(Config)'=='Debug' or '$(Cfg_2)'!=''">
			<Cfg_2>true</Cfg_2>
			<CfgParent>Base</CfgParent>
			<Base>true</Base>
		</PropertyGroup>
		<PropertyGroup Condition="'$(Base)'!=''">
			<DCC_MapFile>1</DCC_MapFile>
			<DCC_UNIT_PLATFORM>false</DCC_UNIT_PLATFORM>
			<DCC_UsePackage>vclx;vcl;rtl</DCC_UsePackage>
			<DCC_SYMBOL_PLATFORM>false</DCC_SYMBOL_PLATFORM>
			<DCC_DependencyCheckOutputName>RnQ_Repair.exe</DCC_DependencyCheckOutputName>
			<DCC_ImageBase>00400000</DCC_ImageBase>
			<DCC_UnitAlias>WinTypes=Windows;WinProcs=Windows;DbiTypes=BDE;DbiProcs=BDE;DbiErrs=BDE;$(DCC_UnitAlias)</DCC_UnitAlias>
			<DCC_Platform>x86</DCC_Platform>
			<DCC_E>false</DCC_E>
			<DCC_N>false</DCC_N>
			<DCC_S>false</DCC_S>
			<DCC_F>false</DCC_F>
			<DCC_K>false</DCC_K>
		</PropertyGroup>
		<PropertyGroup Condition="'$(Cfg_1)'!=''">
			<DCC_LocalDebugSymbols>false</DCC_LocalDebugSymbols>
			<DCC_Define>RELEASE;$(DCC_Define)</DCC_Define>
			<DCC_SymbolReferenceInfo>0</DCC_SymbolReferenceInfo>
			<DCC_DebugInformation>false</DCC_DebugInformation>
		</PropertyGroup>
		<PropertyGroup Condition="'$(Cfg_2)'!=''">
			<DCC_Define>DEBUG;$(DCC_Define)</DCC_Define>
		</PropertyGroup>
		<ItemGroup>
			<DelphiCompile Include="RnQ_Repair.dpr">
				<MainSource>MainSource</MainSource>
			</DelphiCompile>
			<DCCReference Include="MainFrm.pas">
				<Form>MainForm</Form>
			</DCCReference>
			<DCCReference Include="HistFile.pas"/>
			<DCCReference Include="FileIO.pas"/>
			<DCCReference Include="AboutFrm.pas">
				<Form>AboutBox</Form>
			</DCCReference>
			<DCCReference Include="Decode.pas"/>
			<DCCReference Include="PwdDlg.pas">
				<Form>PwdFrm</Form>
			</DCCReference>
			<DCCReference Include="OverbyteIcsMD5.pas"/>
			<BuildConfiguration Include="Base">
				<Key>Base</Key>
			</BuildConfiguration>
			<BuildConfiguration Include="Debug">
				<Key>Cfg_2</Key>
				<CfgParent>Base</CfgParent>
			</BuildConfiguration>
			<BuildConfiguration Include="Release">
				<Key>Cfg_1</Key>
				<CfgParent>Base</CfgParent>
			</BuildConfiguration>
		</ItemGroup>
		<Import Project="$(BDS)\Bin\CodeGear.Delphi.Targets" Condition="Exists('$(BDS)\Bin\CodeGear.Delphi.Targets')"/>
		<PropertyGroup>
			<PreBuildEvent><![CDATA[BuiltTime.exe]]></PreBuildEvent>
		</PropertyGroup>
		<ProjectExtensions>
			<Borland.Personality>Delphi.Personality.12</Borland.Personality>
			<Borland.ProjectType/>
			<BorlandProject>
				<Delphi.Personality>
					<Source>
						<Source Name="MainSource">RnQ_Repair.dpr</Source>
					</Source>
					<Parameters>
						<Parameters Name="UseLauncher">False</Parameters>
						<Parameters Name="LoadAllSymbols">True</Parameters>
						<Parameters Name="LoadUnspecifiedSymbols">False</Parameters>
					</Parameters>
					<VersionInfo>
						<VersionInfo Name="IncludeVerInfo">True</VersionInfo>
						<VersionInfo Name="AutoIncBuild">True</VersionInfo>
						<VersionInfo Name="MajorVer">1</VersionInfo>
						<VersionInfo Name="MinorVer">0</VersionInfo>
						<VersionInfo Name="Release">1</VersionInfo>
						<VersionInfo Name="Build">213</VersionInfo>
						<VersionInfo Name="Debug">True</VersionInfo>
						<VersionInfo Name="PreRelease">True</VersionInfo>
						<VersionInfo Name="Special">False</VersionInfo>
						<VersionInfo Name="Private">False</VersionInfo>
						<VersionInfo Name="DLL">False</VersionInfo>
						<VersionInfo Name="Locale">1049</VersionInfo>
						<VersionInfo Name="CodePage">1251</VersionInfo>
					</VersionInfo>
					<VersionInfoKeys>
						<VersionInfoKeys Name="CompanyName">C6 Lab, http://c6lab.spb.ru</VersionInfoKeys>
						<VersionInfoKeys Name="FileDescription">R&amp;Q проверка и восстановление файлов</VersionInfoKeys>
						<VersionInfoKeys Name="FileVersion">1.0.1.213</VersionInfoKeys>
						<VersionInfoKeys Name="InternalName">R&amp;Q_Repair</VersionInfoKeys>
						<VersionInfoKeys Name="LegalCopyright">Copyright (c) 2009-2010 C6 Lab</VersionInfoKeys>
						<VersionInfoKeys Name="LegalTrademarks"/>
						<VersionInfoKeys Name="OriginalFilename">RnQ_Repair.exe</VersionInfoKeys>
						<VersionInfoKeys Name="ProductName">&amp;RQ mesengers family</VersionInfoKeys>
						<VersionInfoKeys Name="ProductVersion">1.0</VersionInfoKeys>
						<VersionInfoKeys Name="Comments">http://www.rnq.ru</VersionInfoKeys>
					</VersionInfoKeys>
					<Excluded_Packages>
						<Excluded_Packages Name="$(BDS)\RaveReports\Lib\dclRave.bpl">Rave Reports 7.6 BE Package</Excluded_Packages>
						<Excluded_Packages Name="$(BDS)\bin\bcbie120.bpl">CodeGear C++Builder Internet Explorer Components Package</Excluded_Packages>
						<Excluded_Packages Name="$(BDS)\bin\dclbcbsmp120.bpl">CodeGear Sample Controls Design Time Package</Excluded_Packages>
						<Excluded_Packages Name="$(BDS)\bin\applet120.bpl">CodeGear Control Panel Applet Package</Excluded_Packages>
						<Excluded_Packages Name="$(BDS)\bin\dcl31w120.bpl">Delphi 1.0 Compatibility Components</Excluded_Packages>
						<Excluded_Packages Name="$(BDS)\bin\dclact120.bpl">CodeGear ActionBar Components</Excluded_Packages>
						<Excluded_Packages Name="$(BDS)\bin\dclbde120.bpl">CodeGear BDE DB Components</Excluded_Packages>
						<Excluded_Packages Name="$(BDS)\bin\dcldb120.bpl">CodeGear Database Components</Excluded_Packages>
						<Excluded_Packages Name="$(BDS)\bin\dclemacsedit120.bpl">CodeGear Editor Emacs Enhancements</Excluded_Packages>
						<Excluded_Packages Name="$(BDS)\bin\dclmlwiz120.bpl">CodeGear Markup Language Wizards</Excluded_Packages>
						<Excluded_Packages Name="$(BDS)\bin\dclsmpedit120.bpl">CodeGear Editor Script Enhancements</Excluded_Packages>
						<Excluded_Packages Name="$(BDS)\bin\dclmcn120.bpl">CodeGear DataSnap Connection Components</Excluded_Packages>
						<Excluded_Packages Name="$(BDS)\bin\dclmid120.bpl">CodeGear MyBase DataAccess Components</Excluded_Packages>
						<Excluded_Packages Name="$(BDS)\bin\dcltee8120.bpl">TeeChart Standard 8 Components</Excluded_Packages>
						<Excluded_Packages Name="$(BDS)\bin\dclado120.bpl">CodeGear ADO DB Components</Excluded_Packages>
						<Excluded_Packages Name="$(BDS)\Bin\dclIndyCore120.bpl">Indy 10 Core Design Time</Excluded_Packages>
						<Excluded_Packages Name="$(BDS)\Bin\dclIndyProtocols120.bpl">Indy 10 Protocols Design Time</Excluded_Packages>
						<Excluded_Packages Name="$(BDS)\bin\dclIntraweb_100_120.bpl">VCL for the Web 10.0  Design Package for CodeGear RAD Studio</Excluded_Packages>
						<Excluded_Packages Name="$(BDS)\bin\dclsmp120.bpl">CodeGear Sample Components</Excluded_Packages>
						<Excluded_Packages Name="$(BDS)\bin\dclie120.bpl">Internet Explorer Components</Excluded_Packages>
						<Excluded_Packages Name="$(BDS)\bin\dclwebsnap120.bpl">CodeGear WebSnap Components</Excluded_Packages>
						<Excluded_Packages Name="$(BDS)\bin\dclwbm120.bpl">CodeGear InternetExpress Components</Excluded_Packages>
						<Excluded_Packages Name="$(BDS)\bin\dclnet120.bpl">CodeGear Internet Components</Excluded_Packages>
						<Excluded_Packages Name="$(BDS)\bin\dclsoap120.bpl">CodeGear SOAP Components</Excluded_Packages>
						<Excluded_Packages Name="$(BDS)\bin\dclribbon120.bpl">CodeGear Ribbon Controls</Excluded_Packages>
						<Excluded_Packages Name="$(BDS)\bin\dclDataSnapIndy10ServerTransport120.bpl">CodeGear DBExpress DataSnap Server Transport Components</Excluded_Packages>
						<Excluded_Packages Name="$(BDS)\bin\dclDataSnapProviderClient120.bpl">CodeGear DBExpress DataSnap Provider Client Components</Excluded_Packages>
						<Excluded_Packages Name="$(BDS)\bin\dclDataSnapServer120.bpl">CodeGear DBExpress DataSnap Server Components</Excluded_Packages>
						<Excluded_Packages Name="$(BDS)\bin\dclDBXDrivers120.bpl">CodeGear Driver Components</Excluded_Packages>
						<Excluded_Packages Name="$(BDS)\bin\dcldbx120.bpl">CodeGear dbExpress Components</Excluded_Packages>
						<Excluded_Packages Name="$(BDS)\bin\dclDBXDriversEnt120.bpl">CodeGear Enterprise Driver Components</Excluded_Packages>
						<Excluded_Packages Name="$(BDS)\bin\dcldbxcds120.bpl">CodeGear SimpleDataset Component (DBX)</Excluded_Packages>
						<Excluded_Packages Name="$(BDS)\bin\bcboffice2k120.bpl">CodeGear C++Builder Office 2000 Servers Package</Excluded_Packages>
						<Excluded_Packages Name="$(BDS)\bin\bcbofficexp120.bpl">CodeGear C++Builder Office XP Servers Package</Excluded_Packages>
						<Excluded_Packages Name="$(BDS)\bin\dcloffice2k120.bpl">Microsoft Office 2000 Sample Automation Server Wrapper Components</Excluded_Packages>
						<Excluded_Packages Name="$(BDS)\bin\dclofficexp120.bpl">Microsoft Office XP Sample Automation Server Wrapper Components</Excluded_Packages>
					</Excluded_Packages>
				</Delphi.Personality>
			</BorlandProject>
			<ProjectFileVersion>12</ProjectFileVersion>
		</ProjectExtensions>
	</Project>
