	<Project xmlns="http://schemas.microsoft.com/developer/msbuild/2003">
		<PropertyGroup>
			<ProjectGuid>{7CEAA3D3-7F74-4048-9848-963AF3895588}</ProjectGuid>
			<ProjectVersion>13.4</ProjectVersion>
			<MainSource>RnQ_Repair_XE2.dpr</MainSource>
			<Config Condition="'$(Config)'==''">Debug</Config>
			<DCC_DCCCompiler>DCC32</DCC_DCCCompiler>
			<FrameworkType>VCL</FrameworkType>
			<Base>True</Base>
			<Platform Condition="'$(Platform)'==''">Win32</Platform>
			<TargetedPlatforms>1</TargetedPlatforms>
			<AppType>Application</AppType>
		</PropertyGroup>
		<PropertyGroup Condition="'$(Config)'=='Base' or '$(Base)'!=''">
			<Base>true</Base>
		</PropertyGroup>
		<PropertyGroup Condition="('$(Platform)'=='Win64' and '$(Base)'=='true') or '$(Base_Win64)'!=''">
			<Base_Win64>true</Base_Win64>
			<CfgParent>Base</CfgParent>
			<Base>true</Base>
		</PropertyGroup>
		<PropertyGroup Condition="('$(Platform)'=='Win32' and '$(Base)'=='true') or '$(Base_Win32)'!=''">
			<Base_Win32>true</Base_Win32>
			<CfgParent>Base</CfgParent>
			<Base>true</Base>
		</PropertyGroup>
		<PropertyGroup Condition="'$(Config)'=='Release' or '$(Cfg_1)'!=''">
			<Cfg_1>true</Cfg_1>
			<CfgParent>Base</CfgParent>
			<Base>true</Base>
		</PropertyGroup>
		<PropertyGroup Condition="'$(Config)'=='Debug' or '$(Cfg_2)'!=''">
			<Cfg_2>true</Cfg_2>
			<CfgParent>Base</CfgParent>
			<Base>true</Base>
		</PropertyGroup>
		<PropertyGroup Condition="'$(Base)'!=''">
			<VerInfo_Locale>1049</VerInfo_Locale>
			<VerInfo_PreRelease>true</VerInfo_PreRelease>
			<VerInfo_Keys>CompanyName=C6 Lab, http://c6lab.spb.ru;FileDescription=R&amp;Q проверка и восстановление файлов;FileVersion=1.0.1.213;InternalName=R&amp;Q_Repair;LegalCopyright=Copyright (c) 2009-2010 C6 Lab;LegalTrademarks=;OriginalFilename=RnQ_Repair.exe;ProductName=&amp;RQ mesengers family;ProductVersion=1.0;Comments=http://www.rnq.ru</VerInfo_Keys>
			<VerInfo_Debug>true</VerInfo_Debug>
			<VerInfo_Build>213</VerInfo_Build>
			<VerInfo_AutoGenVersion>true</VerInfo_AutoGenVersion>
			<DCC_Namespace>Vcl;Vcl.Imaging;Vcl.Touch;Vcl.Samples;Vcl.Shell;System;Xml;Data;Datasnap;Web;Soap;Winapi;$(DCC_Namespace)</DCC_Namespace>
			<VerInfo_Release>1</VerInfo_Release>
			<VerInfo_IncludeVerInfo>true</VerInfo_IncludeVerInfo>
			<DCC_MapFile>1</DCC_MapFile>
			<DCC_UNIT_PLATFORM>false</DCC_UNIT_PLATFORM>
			<DCC_UsePackage>vclx;vcl;rtl;$(DCC_UsePackage)</DCC_UsePackage>
			<DCC_SYMBOL_PLATFORM>false</DCC_SYMBOL_PLATFORM>
			<DCC_DependencyCheckOutputName>RnQ_Repair.exe</DCC_DependencyCheckOutputName>
			<DCC_ImageBase>00400000</DCC_ImageBase>
			<DCC_Platform>x86</DCC_Platform>
			<DCC_E>false</DCC_E>
			<DCC_N>false</DCC_N>
			<DCC_S>false</DCC_S>
			<DCC_F>false</DCC_F>
			<DCC_K>false</DCC_K>
		</PropertyGroup>
		<PropertyGroup Condition="'$(Base_Win64)'!=''">
			<Icon_MainIcon>RnQ_Repair_Icon.ico</Icon_MainIcon>
			<Manifest_File>$(BDS)\bin\default_app.manifest</Manifest_File>
		</PropertyGroup>
		<PropertyGroup Condition="'$(Base_Win32)'!=''">
			<VerInfo_IncludeVerInfo>true</VerInfo_IncludeVerInfo>
			<Icon_MainIcon>RnQ_Repair_Icon.ico</Icon_MainIcon>
			<DCC_Namespace>Winapi;System.Win;Data.Win;Datasnap.Win;Web.Win;Soap.Win;Xml.Win;Bde;$(DCC_Namespace)</DCC_Namespace>
			<PreBuildEvent><![CDATA[BuiltTime.exe
$(PreBuildEvent)]]></PreBuildEvent>
			<VerInfo_Locale>1033</VerInfo_Locale>
			<Manifest_File>$(BDS)\bin\default_app.manifest</Manifest_File>
			<VerInfo_Keys>CompanyName=;FileDescription=;FileVersion=1.0.0.0;InternalName=;LegalCopyright=;LegalTrademarks=;OriginalFilename=;ProductName=;ProductVersion=1.0.0.0;Comments=</VerInfo_Keys>
		</PropertyGroup>
		<PropertyGroup Condition="'$(Cfg_1)'!=''">
			<DCC_LocalDebugSymbols>false</DCC_LocalDebugSymbols>
			<DCC_Define>RELEASE;$(DCC_Define)</DCC_Define>
			<DCC_SymbolReferenceInfo>0</DCC_SymbolReferenceInfo>
			<DCC_DebugInformation>false</DCC_DebugInformation>
		</PropertyGroup>
		<PropertyGroup Condition="'$(Cfg_2)'!=''">
			<DCC_Define>DEBUG;$(DCC_Define)</DCC_Define>
		</PropertyGroup>
		<ItemGroup>
			<DelphiCompile Include="$(MainSource)">
				<MainSource>MainSource</MainSource>
			</DelphiCompile>
			<DCCReference Include="MainFrm.pas">
				<Form>MainForm</Form>
			</DCCReference>
			<DCCReference Include="HistFile.pas"/>
			<DCCReference Include="FileIO.pas"/>
			<DCCReference Include="AboutFrm.pas">
				<Form>AboutBox</Form>
			</DCCReference>
			<DCCReference Include="Decode.pas"/>
			<DCCReference Include="PwdDlg.pas">
				<Form>PwdFrm</Form>
			</DCCReference>
			<DCCReference Include="OverbyteIcsMD5.pas"/>
			<BuildConfiguration Include="Debug">
				<Key>Cfg_2</Key>
				<CfgParent>Base</CfgParent>
			</BuildConfiguration>
			<BuildConfiguration Include="Base">
				<Key>Base</Key>
			</BuildConfiguration>
			<BuildConfiguration Include="Release">
				<Key>Cfg_1</Key>
				<CfgParent>Base</CfgParent>
			</BuildConfiguration>
		</ItemGroup>
		<Import Condition="Exists('$(BDS)\Bin\CodeGear.Delphi.Targets')" Project="$(BDS)\Bin\CodeGear.Delphi.Targets"/>
		<ProjectExtensions>
			<Borland.Personality>Delphi.Personality.12</Borland.Personality>
			<Borland.ProjectType/>
			<BorlandProject>
				<Delphi.Personality>
					<Source>
						<Source Name="MainSource">RnQ_Repair_XE2.dpr</Source>
					</Source>
					<Parameters>
						<Parameters Name="UseLauncher">False</Parameters>
						<Parameters Name="LoadAllSymbols">True</Parameters>
						<Parameters Name="LoadUnspecifiedSymbols">False</Parameters>
					</Parameters>
					<VersionInfo>
						<VersionInfo Name="IncludeVerInfo">True</VersionInfo>
						<VersionInfo Name="AutoIncBuild">True</VersionInfo>
						<VersionInfo Name="MajorVer">1</VersionInfo>
						<VersionInfo Name="MinorVer">0</VersionInfo>
						<VersionInfo Name="Release">1</VersionInfo>
						<VersionInfo Name="Build">213</VersionInfo>
						<VersionInfo Name="Debug">True</VersionInfo>
						<VersionInfo Name="PreRelease">True</VersionInfo>
						<VersionInfo Name="Special">False</VersionInfo>
						<VersionInfo Name="Private">False</VersionInfo>
						<VersionInfo Name="DLL">False</VersionInfo>
						<VersionInfo Name="Locale">1049</VersionInfo>
						<VersionInfo Name="CodePage">1251</VersionInfo>
					</VersionInfo>
					<VersionInfoKeys>
						<VersionInfoKeys Name="CompanyName">C6 Lab, http://c6lab.spb.ru</VersionInfoKeys>
						<VersionInfoKeys Name="FileDescription">R&amp;Q проверка и восстановление файлов</VersionInfoKeys>
						<VersionInfoKeys Name="FileVersion">1.0.1.213</VersionInfoKeys>
						<VersionInfoKeys Name="InternalName">R&amp;Q_Repair</VersionInfoKeys>
						<VersionInfoKeys Name="LegalCopyright">Copyright (c) 2009-2010 C6 Lab</VersionInfoKeys>
						<VersionInfoKeys Name="LegalTrademarks"/>
						<VersionInfoKeys Name="OriginalFilename">RnQ_Repair.exe</VersionInfoKeys>
						<VersionInfoKeys Name="ProductName">&amp;RQ mesengers family</VersionInfoKeys>
						<VersionInfoKeys Name="ProductVersion">1.0</VersionInfoKeys>
						<VersionInfoKeys Name="Comments">http://www.rnq.ru</VersionInfoKeys>
					</VersionInfoKeys>
					<Excluded_Packages>
						<Excluded_Packages Name="$(BDS)\RaveReports\Lib\dclRave.bpl">Rave Reports 7.6 BE Package</Excluded_Packages>
						<Excluded_Packages Name="$(BDSBIN)\bcbie120.bpl">CodeGear C++Builder Internet Explorer Components Package</Excluded_Packages>
						<Excluded_Packages Name="$(BDSBIN)\dclbcbsmp120.bpl">CodeGear Sample Controls Design Time Package</Excluded_Packages>
						<Excluded_Packages Name="$(BDSBIN)\applet120.bpl">CodeGear Control Panel Applet Package</Excluded_Packages>
						<Excluded_Packages Name="$(BDSBIN)\dcl31w120.bpl">Delphi 1.0 Compatibility Components</Excluded_Packages>
						<Excluded_Packages Name="$(BDSBIN)\dclact120.bpl">CodeGear ActionBar Components</Excluded_Packages>
						<Excluded_Packages Name="$(BDSBIN)\dclbde120.bpl">CodeGear BDE DB Components</Excluded_Packages>
						<Excluded_Packages Name="$(BDSBIN)\dcldb120.bpl">CodeGear Database Components</Excluded_Packages>
						<Excluded_Packages Name="$(BDSBIN)\dclemacsedit120.bpl">CodeGear Editor Emacs Enhancements</Excluded_Packages>
						<Excluded_Packages Name="$(BDSBIN)\dclmlwiz120.bpl">CodeGear Markup Language Wizards</Excluded_Packages>
						<Excluded_Packages Name="$(BDSBIN)\dclsmpedit120.bpl">CodeGear Editor Script Enhancements</Excluded_Packages>
						<Excluded_Packages Name="$(BDSBIN)\dclmcn120.bpl">CodeGear DataSnap Connection Components</Excluded_Packages>
						<Excluded_Packages Name="$(BDSBIN)\dclmid120.bpl">CodeGear MyBase DataAccess Components</Excluded_Packages>
						<Excluded_Packages Name="$(BDSBIN)\dcltee8120.bpl">TeeChart Standard 8 Components</Excluded_Packages>
						<Excluded_Packages Name="$(BDSBIN)\dclado120.bpl">CodeGear ADO DB Components</Excluded_Packages>
						<Excluded_Packages Name="$(BDSBIN)\dclIndyCore120.bpl">Indy 10 Core Design Time</Excluded_Packages>
						<Excluded_Packages Name="$(BDSBIN)\dclIndyProtocols120.bpl">Indy 10 Protocols Design Time</Excluded_Packages>
						<Excluded_Packages Name="$(BDSBIN)\dclIntraweb_100_120.bpl">VCL for the Web 10.0  Design Package for CodeGear RAD Studio</Excluded_Packages>
						<Excluded_Packages Name="$(BDSBIN)\dclsmp120.bpl">CodeGear Sample Components</Excluded_Packages>
						<Excluded_Packages Name="$(BDSBIN)\dclie120.bpl">Internet Explorer Components</Excluded_Packages>
						<Excluded_Packages Name="$(BDSBIN)\dclwebsnap120.bpl">CodeGear WebSnap Components</Excluded_Packages>
						<Excluded_Packages Name="$(BDSBIN)\dclwbm120.bpl">CodeGear InternetExpress Components</Excluded_Packages>
						<Excluded_Packages Name="$(BDSBIN)\dclnet120.bpl">CodeGear Internet Components</Excluded_Packages>
						<Excluded_Packages Name="$(BDSBIN)\dclsoap120.bpl">CodeGear SOAP Components</Excluded_Packages>
						<Excluded_Packages Name="$(BDSBIN)\dclribbon120.bpl">CodeGear Ribbon Controls</Excluded_Packages>
						<Excluded_Packages Name="$(BDSBIN)\dclDataSnapIndy10ServerTransport120.bpl">CodeGear DBExpress DataSnap Server Transport Components</Excluded_Packages>
						<Excluded_Packages Name="$(BDSBIN)\dclDataSnapProviderClient120.bpl">CodeGear DBExpress DataSnap Provider Client Components</Excluded_Packages>
						<Excluded_Packages Name="$(BDSBIN)\dclDataSnapServer120.bpl">CodeGear DBExpress DataSnap Server Components</Excluded_Packages>
						<Excluded_Packages Name="$(BDSBIN)\dclDBXDrivers120.bpl">CodeGear Driver Components</Excluded_Packages>
						<Excluded_Packages Name="$(BDSBIN)\dcldbx120.bpl">CodeGear dbExpress Components</Excluded_Packages>
						<Excluded_Packages Name="$(BDSBIN)\dclDBXDriversEnt120.bpl">CodeGear Enterprise Driver Components</Excluded_Packages>
						<Excluded_Packages Name="$(BDSBIN)\dcldbxcds120.bpl">CodeGear SimpleDataset Component (DBX)</Excluded_Packages>
						<Excluded_Packages Name="$(BDSBIN)\bcboffice2k120.bpl">CodeGear C++Builder Office 2000 Servers Package</Excluded_Packages>
						<Excluded_Packages Name="$(BDSBIN)\bcbofficexp120.bpl">CodeGear C++Builder Office XP Servers Package</Excluded_Packages>
						<Excluded_Packages Name="$(BDSBIN)\dcloffice2k120.bpl">Microsoft Office 2000 Sample Automation Server Wrapper Components</Excluded_Packages>
						<Excluded_Packages Name="$(BDSBIN)\dclofficexp120.bpl">Microsoft Office XP Sample Automation Server Wrapper Components</Excluded_Packages>
					</Excluded_Packages>
				</Delphi.Personality>
				<Platforms>
					<Platform value="Win64">False</Platform>
					<Platform value="Win32">True</Platform>
				</Platforms>
			</BorlandProject>
			<ProjectFileVersion>12</ProjectFileVersion>
		</ProjectExtensions>
		<Import Condition="Exists('$(APPDATA)\Embarcadero\$(BDSAPPDATABASEDIR)\$(PRODUCTVERSION)\UserTools.proj')" Project="$(APPDATA)\Embarcadero\$(BDSAPPDATABASEDIR)\$(PRODUCTVERSION)\UserTools.proj"/>
		<PropertyGroup Condition="'$(Config)'=='Release' And '$(Platform)'=='Win32'">
			<PreBuildEvent>BuiltTime.exe</PreBuildEvent>
			<PreBuildEventIgnoreExitCode>False</PreBuildEventIgnoreExitCode>
			<PreLinkEvent/>
			<PreLinkEventIgnoreExitCode>False</PreLinkEventIgnoreExitCode>
			<PostBuildEvent/>
			<PostBuildEventIgnoreExitCode>False</PostBuildEventIgnoreExitCode>
		</PropertyGroup>
		<PropertyGroup Condition="'$(Config)'=='Debug' And '$(Platform)'=='Win32'">
			<PreBuildEvent>BuiltTime.exe</PreBuildEvent>
			<PreBuildEventIgnoreExitCode>False</PreBuildEventIgnoreExitCode>
			<PreLinkEvent/>
			<PreLinkEventIgnoreExitCode>False</PreLinkEventIgnoreExitCode>
			<PostBuildEvent/>
			<PostBuildEventIgnoreExitCode>False</PostBuildEventIgnoreExitCode>
		</PropertyGroup>
	</Project>
